
Microsoft Visual Studio Solution File, Format Version 12.00
# Visual Studio Version 17
VisualStudioVersion = 17.6.33815.320
MinimumVisualStudioVersion = 10.0.40219.1
Project("{FAE04EC0-301F-11D3-BF4B-00C04F79EFBC}") = "Puzzle", "Puzzle\Puzzle.csproj", "{4A21A9B2-1CF5-4428-8A28-B6B4019B29FA}"
EndProject
Global
	GlobalSection(SolutionConfigurationPlatforms) = preSolution
		Debug|Any CPU = Debug|Any CPU
		Release|Any CPU = Release|Any CPU
	EndGlobalSection
	GlobalSection(ProjectConfigurationPlatforms) = postSolution
		{4A21A9B2-1CF5-4428-8A28-B6B4019B29FA}.Debug|Any CPU.ActiveCfg = Debug|Any CPU
		{4A21A9B2-1CF5-4428-8A28-B6B4019B29FA}.Debug|Any CPU.Build.0 = Debug|Any CPU
		{4A21A9B2-1CF5-4428-8A28-B6B4019B29FA}.Release|Any CPU.ActiveCfg = Release|Any CPU
		{4A21A9B2-1CF5-4428-8A28-B6B4019B29FA}.Release|Any CPU.Build.0 = Release|Any CPU
	EndGlobalSection
	GlobalSection(SolutionProperties) = preSolution
		HideSolutionNode = FALSE
	EndGlobalSection
	GlobalSection(ExtensibilityGlobals) = postSolution
		SolutionGuid = {209D5000-F115-4282-A73B-9F5DF961798A}
	EndGlobalSection
EndGlobal
